
Microsoft Visual Studio Solution File, Format Version 12.00
# Visual Studio 15
VisualStudioVersion = 15.0.27130.2027
MinimumVisualStudioVersion = 10.0.40219.1
Project("{FAE04EC0-301F-11D3-BF4B-00C04F79EFBC}") = "csPrepareRelease", "csPrepareRelease\csPrepareRelease.csproj", "{B6364F52-7B11-4187-841C-90768A582838}"
EndProject
Project("{9A19103F-16F7-4668-BE54-9A1E7A4F7556}") = "csPublish", "csPublish\csPublish.csproj", "{83B0C003-3F9E-4F7F-A986-6985790E60C3}"
EndProject
Project("{2150E333-8FDC-42A3-9474-1A3956D46DE8}") = "PUBLISH", "PUBLISH", "{5431A30F-348B-442A-8BDF-FC57686233CF}"
EndProject
Project("{2150E333-8FDC-42A3-9474-1A3956D46DE8}") = "APPS", "APPS", "{0B993B6E-6AE2-468E-83E1-EA0FE73A7782}"
EndProject
Project("{9A19103F-16F7-4668-BE54-9A1E7A4F7556}") = "csSign", "csSign\csSign.csproj", "{46FC8704-A3C7-4033-9E15-F95002795515}"
EndProject
Project("{9A19103F-16F7-4668-BE54-9A1E7A4F7556}") = "csInnoSetup", "csInnoSetup\csInnoSetup.csproj", "{2A7341AF-0341-4AA3-82D5-3439F32A9B73}"
EndProject
Project("{9A19103F-16F7-4668-BE54-9A1E7A4F7556}") = "csDebber", "csDebber\csDebber.csproj", "{A92C7951-19DF-4EBD-A8EB-6C57B8B7C3BF}"
EndProject
Project("{9A19103F-16F7-4668-BE54-9A1E7A4F7556}") = "setup", "setup\setup.csproj", "{4421084A-9769-4F69-860C-C045B2A55907}"
	ProjectSection(ProjectDependencies) = postProject
		{83B0C003-3F9E-4F7F-A986-6985790E60C3} = {83B0C003-3F9E-4F7F-A986-6985790E60C3}
		{46FC8704-A3C7-4033-9E15-F95002795515} = {46FC8704-A3C7-4033-9E15-F95002795515}
		{9BB72C3A-35B8-49BE-88C3-86F308C03C05} = {9BB72C3A-35B8-49BE-88C3-86F308C03C05}
		{A92C7951-19DF-4EBD-A8EB-6C57B8B7C3BF} = {A92C7951-19DF-4EBD-A8EB-6C57B8B7C3BF}
		{B6364F52-7B11-4187-841C-90768A582838} = {B6364F52-7B11-4187-841C-90768A582838}
		{2A7341AF-0341-4AA3-82D5-3439F32A9B73} = {2A7341AF-0341-4AA3-82D5-3439F32A9B73}
		{AF7CF1B5-A8D9-4424-8A7E-46C5934FB511} = {AF7CF1B5-A8D9-4424-8A7E-46C5934FB511}
	EndProjectSection
EndProject
Project("{9A19103F-16F7-4668-BE54-9A1E7A4F7556}") = "csObfuscate", "csObfuscate\csObfuscate.csproj", "{9BB72C3A-35B8-49BE-88C3-86F308C03C05}"
EndProject
Project("{9A19103F-16F7-4668-BE54-9A1E7A4F7556}") = "csSymStore", "csSymStore\csSymStore.csproj", "{AF7CF1B5-A8D9-4424-8A7E-46C5934FB511}"
EndProject
Project("{2150E333-8FDC-42A3-9474-1A3956D46DE8}") = "Solution Items", "Solution Items", "{D46C5A36-9E0E-4067-A8A1-07902A352A1D}"
	ProjectSection(SolutionItems) = preProject
		.gitignore = .gitignore
		LICENSE = LICENSE
		README.md = README.md
		Rebracer.xml = Rebracer.xml
	EndProjectSection
EndProject
Global
	GlobalSection(SolutionConfigurationPlatforms) = preSolution
		Debug|Any CPU = Debug|Any CPU
		Release|Any CPU = Release|Any CPU
	EndGlobalSection
	GlobalSection(ProjectConfigurationPlatforms) = postSolution
		{B6364F52-7B11-4187-841C-90768A582838}.Debug|Any CPU.ActiveCfg = Debug|Any CPU
		{B6364F52-7B11-4187-841C-90768A582838}.Debug|Any CPU.Build.0 = Debug|Any CPU
		{B6364F52-7B11-4187-841C-90768A582838}.Release|Any CPU.ActiveCfg = Release|Any CPU
		{B6364F52-7B11-4187-841C-90768A582838}.Release|Any CPU.Build.0 = Release|Any CPU
		{83B0C003-3F9E-4F7F-A986-6985790E60C3}.Debug|Any CPU.ActiveCfg = Debug|Any CPU
		{83B0C003-3F9E-4F7F-A986-6985790E60C3}.Debug|Any CPU.Build.0 = Debug|Any CPU
		{83B0C003-3F9E-4F7F-A986-6985790E60C3}.Release|Any CPU.ActiveCfg = Release|Any CPU
		{83B0C003-3F9E-4F7F-A986-6985790E60C3}.Release|Any CPU.Build.0 = Release|Any CPU
		{46FC8704-A3C7-4033-9E15-F95002795515}.Debug|Any CPU.ActiveCfg = Debug|Any CPU
		{46FC8704-A3C7-4033-9E15-F95002795515}.Debug|Any CPU.Build.0 = Debug|Any CPU
		{46FC8704-A3C7-4033-9E15-F95002795515}.Release|Any CPU.ActiveCfg = Release|Any CPU
		{46FC8704-A3C7-4033-9E15-F95002795515}.Release|Any CPU.Build.0 = Release|Any CPU
		{2A7341AF-0341-4AA3-82D5-3439F32A9B73}.Debug|Any CPU.ActiveCfg = Debug|Any CPU
		{2A7341AF-0341-4AA3-82D5-3439F32A9B73}.Debug|Any CPU.Build.0 = Debug|Any CPU
		{2A7341AF-0341-4AA3-82D5-3439F32A9B73}.Release|Any CPU.ActiveCfg = Release|Any CPU
		{2A7341AF-0341-4AA3-82D5-3439F32A9B73}.Release|Any CPU.Build.0 = Release|Any CPU
		{A92C7951-19DF-4EBD-A8EB-6C57B8B7C3BF}.Debug|Any CPU.ActiveCfg = Debug|Any CPU
		{A92C7951-19DF-4EBD-A8EB-6C57B8B7C3BF}.Debug|Any CPU.Build.0 = Debug|Any CPU
		{A92C7951-19DF-4EBD-A8EB-6C57B8B7C3BF}.Release|Any CPU.ActiveCfg = Release|Any CPU
		{A92C7951-19DF-4EBD-A8EB-6C57B8B7C3BF}.Release|Any CPU.Build.0 = Release|Any CPU
		{4421084A-9769-4F69-860C-C045B2A55907}.Debug|Any CPU.ActiveCfg = Debug|Any CPU
		{4421084A-9769-4F69-860C-C045B2A55907}.Debug|Any CPU.Build.0 = Debug|Any CPU
		{4421084A-9769-4F69-860C-C045B2A55907}.Release|Any CPU.ActiveCfg = Release|Any CPU
		{4421084A-9769-4F69-860C-C045B2A55907}.Release|Any CPU.Build.0 = Release|Any CPU
		{9BB72C3A-35B8-49BE-88C3-86F308C03C05}.Debug|Any CPU.ActiveCfg = Debug|Any CPU
		{9BB72C3A-35B8-49BE-88C3-86F308C03C05}.Debug|Any CPU.Build.0 = Debug|Any CPU
		{9BB72C3A-35B8-49BE-88C3-86F308C03C05}.Release|Any CPU.ActiveCfg = Release|Any CPU
		{9BB72C3A-35B8-49BE-88C3-86F308C03C05}.Release|Any CPU.Build.0 = Release|Any CPU
		{AF7CF1B5-A8D9-4424-8A7E-46C5934FB511}.Debug|Any CPU.ActiveCfg = Debug|Any CPU
		{AF7CF1B5-A8D9-4424-8A7E-46C5934FB511}.Debug|Any CPU.Build.0 = Debug|Any CPU
		{AF7CF1B5-A8D9-4424-8A7E-46C5934FB511}.Release|Any CPU.ActiveCfg = Release|Any CPU
		{AF7CF1B5-A8D9-4424-8A7E-46C5934FB511}.Release|Any CPU.Build.0 = Release|Any CPU
	EndGlobalSection
	GlobalSection(SolutionProperties) = preSolution
		HideSolutionNode = FALSE
	EndGlobalSection
	GlobalSection(NestedProjects) = preSolution
		{B6364F52-7B11-4187-841C-90768A582838} = {0B993B6E-6AE2-468E-83E1-EA0FE73A7782}
		{83B0C003-3F9E-4F7F-A986-6985790E60C3} = {0B993B6E-6AE2-468E-83E1-EA0FE73A7782}
		{46FC8704-A3C7-4033-9E15-F95002795515} = {0B993B6E-6AE2-468E-83E1-EA0FE73A7782}
		{2A7341AF-0341-4AA3-82D5-3439F32A9B73} = {0B993B6E-6AE2-468E-83E1-EA0FE73A7782}
		{A92C7951-19DF-4EBD-A8EB-6C57B8B7C3BF} = {0B993B6E-6AE2-468E-83E1-EA0FE73A7782}
		{4421084A-9769-4F69-860C-C045B2A55907} = {5431A30F-348B-442A-8BDF-FC57686233CF}
		{9BB72C3A-35B8-49BE-88C3-86F308C03C05} = {0B993B6E-6AE2-468E-83E1-EA0FE73A7782}
		{AF7CF1B5-A8D9-4424-8A7E-46C5934FB511} = {0B993B6E-6AE2-468E-83E1-EA0FE73A7782}
	EndGlobalSection
	GlobalSection(ExtensibilityGlobals) = postSolution
		SolutionGuid = {5CDF2E42-698B-4895-8729-28BAB28EE5AC}
	EndGlobalSection
EndGlobal
